{
	"name": "skygear-sso",
	"version": "1.6.0",
	"lockfileVersion": 1,
	"requires": true,
	"dependencies": {
		"Base64": {
			"version": "1.0.1",
			"resolved": "https://registry.npmjs.org/Base64/-/Base64-1.0.1.tgz",
			"integrity": "sha1-3vRcxQyWG8yb8jIdD1K8v+wfG7E="
		},
		"js-cookie": {
			"version": "2.2.0",
			"resolved": "https://registry.npmjs.org/js-cookie/-/js-cookie-2.2.0.tgz",
			"integrity": "sha1-Gywnmm7s44ChIWi5JIUmWzWx7/s="
		}
	}
}
