{
  "name": "@skygear/react-native",
  "version": "2.0.0-alpha.1",
  "lockfileVersion": 1,
  "requires": true,
  "dependencies": {
    "@react-native-community/async-storage": {
      "version": "1.6.1",
      "resolved": "https://registry.npmjs.org/@react-native-community/async-storage/-/async-storage-1.6.1.tgz",
      "integrity": "sha512-1WA28xfdhG+unkTEk/lXnqI2izv6belo0CYw7UdvaeHm8TIYT6eTmIIdGR7oiCa2xSKEnaPQqRMH6h7gyLNbww==",
      "dev": true
    }
  }
}
