{
  "name": "@skygear/core",
  "version": "2.4.2",
  "lockfileVersion": 1,
  "requires": true,
  "dependencies": {
    "core-js-pure": {
      "version": "3.6.5",
      "resolved": "https://registry.npmjs.org/core-js-pure/-/core-js-pure-3.6.5.tgz",
      "integrity": "sha512-lacdXOimsiD0QyNf9BC/mxivNJ/ybBGJXQFKzRekp1WTHoVUWsUHEn+2T8GJAzzIhyOuXA+gOxCVN3l+5PLPUA==",
      "dev": true
    }
  }
}
