{
	"name": "skygear-core",
	"version": "1.6.0",
	"lockfileVersion": 1,
	"requires": true,
	"dependencies": {
		"Base64": {
			"version": "0.3.0",
			"resolved": "https://registry.npmjs.org/Base64/-/Base64-0.3.0.tgz",
			"integrity": "sha1-baJhpOgNT6D1xoQlTlvM0Wu9zp8="
		},
		"amazon-s3-url-signer": {
			"version": "0.1.0",
			"resolved": "https://registry.npmjs.org/amazon-s3-url-signer/-/amazon-s3-url-signer-0.1.0.tgz",
			"integrity": "sha1-gLTMxf5BLPvC4ytEYtZwHukgK6c="
		},
		"asynckit": {
			"version": "0.4.0",
			"resolved": "https://registry.npmjs.org/asynckit/-/asynckit-0.4.0.tgz",
			"integrity": "sha1-x57Zf380y48robyXkLzDZkdLS3k="
		},
		"babel-polyfill": {
			"version": "6.26.0",
			"resolved": "https://registry.npmjs.org/babel-polyfill/-/babel-polyfill-6.26.0.tgz",
			"integrity": "sha1-N5k3q8Z9eJWXCtxiHyhM2WbPIVM=",
			"requires": {
				"babel-runtime": "6.26.0",
				"core-js": "2.5.7",
				"regenerator-runtime": "0.10.5"
			}
		},
		"babel-runtime": {
			"version": "6.26.0",
			"resolved": "https://registry.npmjs.org/babel-runtime/-/babel-runtime-6.26.0.tgz",
			"integrity": "sha1-llxwWGaOgrVde/4E/yM3vItWR/4=",
			"requires": {
				"core-js": "2.5.7",
				"regenerator-runtime": "0.11.1"
			},
			"dependencies": {
				"regenerator-runtime": {
					"version": "0.11.1",
					"resolved": "https://registry.npmjs.org/regenerator-runtime/-/regenerator-runtime-0.11.1.tgz",
					"integrity": "sha1-vgWtf5v30i4Fb5cmzuUBf78Z4uk="
				}
			}
		},
		"balanced-match": {
			"version": "1.0.0",
			"resolved": "https://registry.npmjs.org/balanced-match/-/balanced-match-1.0.0.tgz",
			"integrity": "sha1-ibTRmasr7kneFk6gK4nORi1xt2c=",
			"optional": true
		},
		"brace-expansion": {
			"version": "1.1.11",
			"resolved": "https://registry.npmjs.org/brace-expansion/-/brace-expansion-1.1.11.tgz",
			"integrity": "sha512-iCuPHDFgrHX7H2vEI/5xpz07zSHB00TpugqhmYtVmMO6518mCuRMoOYFldEBl0g187ufozdaHgWKcYFb61qGiA==",
			"optional": true,
			"requires": {
				"balanced-match": "1.0.0",
				"concat-map": "0.0.1"
			}
		},
		"buffer-writer": {
			"version": "1.0.1",
			"resolved": "https://registry.npmjs.org/buffer-writer/-/buffer-writer-1.0.1.tgz",
			"integrity": "sha1-Iqk2kB4wKa/NdUfrRIfOtpejvwg="
		},
		"bunyan": {
			"version": "1.8.12",
			"resolved": "https://registry.npmjs.org/bunyan/-/bunyan-1.8.12.tgz",
			"integrity": "sha1-8VDw9nSKvdcq6uhPBEA74u8RN5c=",
			"requires": {
				"dtrace-provider": "0.8.7",
				"moment": "2.22.2",
				"mv": "2.1.1",
				"safe-json-stringify": "1.2.0"
			}
		},
		"charenc": {
			"version": "0.0.2",
			"resolved": "https://registry.npmjs.org/charenc/-/charenc-0.0.2.tgz",
			"integrity": "sha1-wKHS86cJLgN3S/qD8UwPxXkKhmc="
		},
		"combined-stream": {
			"version": "1.0.6",
			"resolved": "https://registry.npmjs.org/combined-stream/-/combined-stream-1.0.6.tgz",
			"integrity": "sha1-cj599ugBrFYTETp+RFqbactjKBg=",
			"requires": {
				"delayed-stream": "1.0.0"
			}
		},
		"component-emitter": {
			"version": "1.2.1",
			"resolved": "https://registry.npmjs.org/component-emitter/-/component-emitter-1.2.1.tgz",
			"integrity": "sha1-E3kY1teCg/ffemt8WmPhQOaUJeY="
		},
		"concat-map": {
			"version": "0.0.1",
			"resolved": "https://registry.npmjs.org/concat-map/-/concat-map-0.0.1.tgz",
			"integrity": "sha1-2Klr13/Wjfd5OnMDajug1UBdR3s=",
			"optional": true
		},
		"cookie-storage": {
			"version": "1.0.4",
			"resolved": "https://registry.npmjs.org/cookie-storage/-/cookie-storage-1.0.4.tgz",
			"integrity": "sha1-1A7OOtCB+pac1FHfP17DA3CrV78="
		},
		"cookiejar": {
			"version": "2.1.2",
			"resolved": "https://registry.npmjs.org/cookiejar/-/cookiejar-2.1.2.tgz",
			"integrity": "sha1-3YojVTB1L5iPmghE8/xYnjERElw="
		},
		"core-js": {
			"version": "2.5.7",
			"resolved": "https://registry.npmjs.org/core-js/-/core-js-2.5.7.tgz",
			"integrity": "sha1-+XJgj/DOrWi4QaFqky0LGDeRgU4="
		},
		"core-util-is": {
			"version": "1.0.2",
			"resolved": "https://registry.npmjs.org/core-util-is/-/core-util-is-1.0.2.tgz",
			"integrity": "sha1-tf1UIgqivFq1eqtxQMlAdUUDwac="
		},
		"crypt": {
			"version": "0.0.2",
			"resolved": "https://registry.npmjs.org/crypt/-/crypt-0.0.2.tgz",
			"integrity": "sha1-iNf/fsDfuG9xPch7u0LQRNPmxBs="
		},
		"d": {
			"version": "1.0.0",
			"resolved": "https://registry.npmjs.org/d/-/d-1.0.0.tgz",
			"integrity": "sha1-dUu1v+VUUdpppYuU1F9MWwRi1Y8=",
			"requires": {
				"es5-ext": "0.10.45"
			}
		},
		"debug": {
			"version": "3.1.0",
			"resolved": "https://registry.npmjs.org/debug/-/debug-3.1.0.tgz",
			"integrity": "sha512-OX8XqP7/1a9cqkxYw2yXss15f26NKWBpDXQd0/uK/KPqdQhxbPa994hnzjcE2VqQpDslf55723cKPUOGSmMY3g==",
			"requires": {
				"ms": "2.0.0"
			}
		},
		"delayed-stream": {
			"version": "1.0.0",
			"resolved": "https://registry.npmjs.org/delayed-stream/-/delayed-stream-1.0.0.tgz",
			"integrity": "sha1-3zrhmayt+31ECqrgsp4icrJOxhk="
		},
		"dotenv": {
			"version": "4.0.0",
			"resolved": "https://registry.npmjs.org/dotenv/-/dotenv-4.0.0.tgz",
			"integrity": "sha1-hk7xN5rO1Vzm+V3r7NzhefegzR0="
		},
		"dtrace-provider": {
			"version": "0.8.7",
			"resolved": "https://registry.npmjs.org/dtrace-provider/-/dtrace-provider-0.8.7.tgz",
			"integrity": "sha1-3JObTT4GIM/gwc2APQ0tftBP/QQ=",
			"optional": true,
			"requires": {
				"nan": "2.10.0"
			}
		},
		"es5-ext": {
			"version": "0.10.45",
			"resolved": "https://registry.npmjs.org/es5-ext/-/es5-ext-0.10.45.tgz",
			"integrity": "sha512-FkfM6Vxxfmztilbxxz5UKSD4ICMf5tSpRFtDNtkAhOxZ0EKtX6qwmXNyH/sFyIbX2P/nU5AMiA9jilWsUGJzCQ==",
			"requires": {
				"es6-iterator": "2.0.3",
				"es6-symbol": "3.1.1",
				"next-tick": "1.0.0"
			}
		},
		"es6-iterator": {
			"version": "2.0.3",
			"resolved": "https://registry.npmjs.org/es6-iterator/-/es6-iterator-2.0.3.tgz",
			"integrity": "sha1-p96IkUGgWpSwhUQDstCg+/qY87c=",
			"requires": {
				"d": "1.0.0",
				"es5-ext": "0.10.45",
				"es6-symbol": "3.1.1"
			}
		},
		"es6-symbol": {
			"version": "3.1.1",
			"resolved": "https://registry.npmjs.org/es6-symbol/-/es6-symbol-3.1.1.tgz",
			"integrity": "sha1-vwDvT9q2uhtG7Le2KbTH7VcVzHc=",
			"requires": {
				"d": "1.0.0",
				"es5-ext": "0.10.45"
			}
		},
		"event-emitter": {
			"version": "0.3.5",
			"resolved": "https://registry.npmjs.org/event-emitter/-/event-emitter-0.3.5.tgz",
			"integrity": "sha1-34xp7vFkeSPHFXuc6DhAYQsCzDk=",
			"requires": {
				"d": "1.0.0",
				"es5-ext": "0.10.45"
			}
		},
		"extend": {
			"version": "3.0.1",
			"resolved": "https://registry.npmjs.org/extend/-/extend-3.0.1.tgz",
			"integrity": "sha1-p1Xqe8Gt/MWjHOfnYtuq3F5jZEQ="
		},
		"fast-xml-parser": {
			"version": "3.12.5",
			"resolved": "https://registry.npmjs.org/fast-xml-parser/-/fast-xml-parser-3.12.5.tgz",
			"integrity": "sha512-g8TSGUF1a2vdFmQ29vKcYBNnwuJQQuyr6It3cjGsiD3dkUXqVWuXZQvjEkgrrCe5K8D30X125ACyxaj7XaaH8g==",
			"requires": {
				"nimnjs": "1.3.2"
			}
		},
		"form-data": {
			"version": "2.3.2",
			"resolved": "https://registry.npmjs.org/form-data/-/form-data-2.3.2.tgz",
			"integrity": "sha1-SXBJi+YEwgwAXU9cI67NIda0kJk=",
			"requires": {
				"asynckit": "0.4.0",
				"combined-stream": "1.0.6",
				"mime-types": "2.1.18"
			}
		},
		"formidable": {
			"version": "1.2.1",
			"resolved": "https://registry.npmjs.org/formidable/-/formidable-1.2.1.tgz",
			"integrity": "sha1-cPt8oCkO5v+WEJBBX0s989IIJlk="
		},
		"glob": {
			"version": "6.0.4",
			"resolved": "https://registry.npmjs.org/glob/-/glob-6.0.4.tgz",
			"integrity": "sha1-DwiGD2oVUSey+t1PnOJLGqtuTSI=",
			"optional": true,
			"requires": {
				"inflight": "1.0.6",
				"inherits": "2.0.3",
				"minimatch": "3.0.4",
				"once": "1.4.0",
				"path-is-absolute": "1.0.1"
			}
		},
		"inflight": {
			"version": "1.0.6",
			"resolved": "https://registry.npmjs.org/inflight/-/inflight-1.0.6.tgz",
			"integrity": "sha1-Sb1jMdfQLQwJvJEKEHW6gWW1bfk=",
			"optional": true,
			"requires": {
				"once": "1.4.0",
				"wrappy": "1.0.2"
			}
		},
		"inherits": {
			"version": "2.0.3",
			"resolved": "https://registry.npmjs.org/inherits/-/inherits-2.0.3.tgz",
			"integrity": "sha1-Yzwsg+PaQqUC9SRmAiSA9CCCYd4="
		},
		"is-buffer": {
			"version": "1.1.6",
			"resolved": "https://registry.npmjs.org/is-buffer/-/is-buffer-1.1.6.tgz",
			"integrity": "sha512-NcdALwpXkTm5Zvvbk7owOUSvVvBKDgKP5/ewfXEznmQFfs4ZRmanOeKBTjRVjka3QFoN6XJ+9F3USqfHqTaU5w=="
		},
		"is-typedarray": {
			"version": "1.0.0",
			"resolved": "https://registry.npmjs.org/is-typedarray/-/is-typedarray-1.0.0.tgz",
			"integrity": "sha1-5HnICFjfDBsR3dppQPlgEfzaSpo="
		},
		"isarray": {
			"version": "1.0.0",
			"resolved": "https://registry.npmjs.org/isarray/-/isarray-1.0.0.tgz",
			"integrity": "sha1-u5NdSFgsuhaMBoNJV6VKPgcSTxE="
		},
		"localstorage-memory": {
			"version": "1.0.2",
			"resolved": "https://registry.npmjs.org/localstorage-memory/-/localstorage-memory-1.0.2.tgz",
			"integrity": "sha1-zUqPIQ5V3VGckp9LTMgoKbWPmlE="
		},
		"lodash": {
			"version": "4.17.10",
			"resolved": "https://registry.npmjs.org/lodash/-/lodash-4.17.10.tgz",
			"integrity": "sha1-G3eTz3JZ6jj7NmHU04syYK+K5Oc="
		},
		"md5": {
			"version": "2.2.1",
			"resolved": "https://registry.npmjs.org/md5/-/md5-2.2.1.tgz",
			"integrity": "sha1-U6s41f48iJG6RlMp6iP6wFQBJvk=",
			"requires": {
				"charenc": "0.0.2",
				"crypt": "0.0.2",
				"is-buffer": "1.1.6"
			}
		},
		"methods": {
			"version": "1.1.2",
			"resolved": "https://registry.npmjs.org/methods/-/methods-1.1.2.tgz",
			"integrity": "sha1-VSmk1nZUE07cxSZmVoNbD4Ua/O4="
		},
		"mime": {
			"version": "1.6.0",
			"resolved": "https://registry.npmjs.org/mime/-/mime-1.6.0.tgz",
			"integrity": "sha1-Ms2eXGRVO9WNGaVor0Uqz/BJgbE="
		},
		"mime-db": {
			"version": "1.33.0",
			"resolved": "https://registry.npmjs.org/mime-db/-/mime-db-1.33.0.tgz",
			"integrity": "sha512-BHJ/EKruNIqJf/QahvxwQZXKygOQ256myeN/Ew+THcAa5q+PjyTTMMeNQC4DZw5AwfvelsUrA6B67NKMqXDbzQ=="
		},
		"mime-types": {
			"version": "2.1.18",
			"resolved": "https://registry.npmjs.org/mime-types/-/mime-types-2.1.18.tgz",
			"integrity": "sha512-lc/aahn+t4/SWV/qcmumYjymLsWfN3ELhpmVuUFjgsORruuZPVSwAQryq+HHGvO/SI2KVX26bx+En+zhM8g8hQ==",
			"requires": {
				"mime-db": "1.33.0"
			}
		},
		"minimatch": {
			"version": "3.0.4",
			"resolved": "https://registry.npmjs.org/minimatch/-/minimatch-3.0.4.tgz",
			"integrity": "sha512-yJHVQEhyqPLUTgt9B83PXu6W3rx4MvvHvSUvToogpwoGDOUQ+yDrR0HRot+yOCdCO7u4hX3pWft6kWBBcqh0UA==",
			"optional": true,
			"requires": {
				"brace-expansion": "1.1.11"
			}
		},
		"minimist": {
			"version": "0.0.8",
			"resolved": "https://registry.npmjs.org/minimist/-/minimist-0.0.8.tgz",
			"integrity": "sha1-hX/Kv8M5fSYluCKCYuhqp6ARsF0=",
			"optional": true
		},
		"mkdirp": {
			"version": "0.5.1",
			"resolved": "https://registry.npmjs.org/mkdirp/-/mkdirp-0.5.1.tgz",
			"integrity": "sha1-MAV0OOrGz3+MR2fzhkjWaX11yQM=",
			"optional": true,
			"requires": {
				"minimist": "0.0.8"
			}
		},
		"moment": {
			"version": "2.22.2",
			"resolved": "https://registry.npmjs.org/moment/-/moment-2.22.2.tgz",
			"integrity": "sha1-PCV/mDn8DpP/UxSWMiOeuQeD/2Y=",
			"optional": true
		},
		"ms": {
			"version": "2.0.0",
			"resolved": "https://registry.npmjs.org/ms/-/ms-2.0.0.tgz",
			"integrity": "sha1-VgiurfwAvmwpAd9fmGF4jeDVl8g="
		},
		"mv": {
			"version": "2.1.1",
			"resolved": "https://registry.npmjs.org/mv/-/mv-2.1.1.tgz",
			"integrity": "sha1-rmzg1vbV4KT32JN5jQPB6pVZtqI=",
			"optional": true,
			"requires": {
				"mkdirp": "0.5.1",
				"ncp": "2.0.0",
				"rimraf": "2.4.5"
			}
		},
		"nan": {
			"version": "2.10.0",
			"resolved": "https://registry.npmjs.org/nan/-/nan-2.10.0.tgz",
			"integrity": "sha512-bAdJv7fBLhWC+/Bls0Oza+mvTaNQtP+1RyhhhvD95pgUJz6XM5IzgmxOkItJ9tkoCiplvAnXI1tNmmUD/eScyA=="
		},
		"ncp": {
			"version": "2.0.0",
			"resolved": "https://registry.npmjs.org/ncp/-/ncp-2.0.0.tgz",
			"integrity": "sha1-GVoh1sRuNh0vsSgbo4uR6d9727M="
		},
		"next-tick": {
			"version": "1.0.0",
			"resolved": "https://registry.npmjs.org/next-tick/-/next-tick-1.0.0.tgz",
			"integrity": "sha1-yobR/ogoFpsBICCOPchCS524NCw="
		},
		"nimn-date-parser": {
			"version": "1.0.0",
			"resolved": "https://registry.npmjs.org/nimn-date-parser/-/nimn-date-parser-1.0.0.tgz",
			"integrity": "sha512-1Nf+x3EeMvHUiHsVuEhiZnwA8RMeOBVTQWfB1S2n9+i6PYCofHd2HRMD+WOHIHYshy4T4Gk8wQoCol7Hq3av8Q=="
		},
		"nimn_schema_builder": {
			"version": "1.1.0",
			"resolved": "https://registry.npmjs.org/nimn_schema_builder/-/nimn_schema_builder-1.1.0.tgz",
			"integrity": "sha512-DK5/B8CM4qwzG2URy130avcwPev4uO0ev836FbQyKo1ms6I9z/i6EJyiZ+d9xtgloxUri0W+5gfR8YbPq7SheA=="
		},
		"nimnjs": {
			"version": "1.3.2",
			"resolved": "https://registry.npmjs.org/nimnjs/-/nimnjs-1.3.2.tgz",
			"integrity": "sha512-TIOtI4iqkQrUM1tiM76AtTQem0c7e56SkDZ7sj1d1MfUsqRcq2ZWQvej/O+HBTZV7u/VKnwlKTDugK/75IRPPw==",
			"requires": {
				"nimn-date-parser": "1.0.0",
				"nimn_schema_builder": "1.1.0"
			}
		},
		"once": {
			"version": "1.4.0",
			"resolved": "https://registry.npmjs.org/once/-/once-1.4.0.tgz",
			"integrity": "sha1-WDsap3WWHUsROsF9nFC6753Xa9E=",
			"requires": {
				"wrappy": "1.0.2"
			}
		},
		"packet-reader": {
			"version": "0.3.1",
			"resolved": "https://registry.npmjs.org/packet-reader/-/packet-reader-0.3.1.tgz",
			"integrity": "sha1-zWLmCvjX/qinBexP+ZCHHEaHHyc="
		},
		"path-is-absolute": {
			"version": "1.0.1",
			"resolved": "https://registry.npmjs.org/path-is-absolute/-/path-is-absolute-1.0.1.tgz",
			"integrity": "sha1-F0uSaHNVNP+8es5r9TpanhtcX18=",
			"optional": true
		},
		"pg": {
			"version": "7.4.3",
			"resolved": "https://registry.npmjs.org/pg/-/pg-7.4.3.tgz",
			"integrity": "sha1-97b5P1NA7MJZavu5ShPj1rYJg0s=",
			"requires": {
				"buffer-writer": "1.0.1",
				"packet-reader": "0.3.1",
				"pg-connection-string": "0.1.3",
				"pg-pool": "2.0.3",
				"pg-types": "1.12.1",
				"pgpass": "1.0.2",
				"semver": "4.3.2"
			}
		},
		"pg-connection-string": {
			"version": "0.1.3",
			"resolved": "https://registry.npmjs.org/pg-connection-string/-/pg-connection-string-0.1.3.tgz",
			"integrity": "sha1-2hhHsglA5C7hSSvq9l1J2RskXfc="
		},
		"pg-pool": {
			"version": "2.0.3",
			"resolved": "https://registry.npmjs.org/pg-pool/-/pg-pool-2.0.3.tgz",
			"integrity": "sha1-wCIDLIlJ8xKk+R+2QJzgQHa+Mlc="
		},
		"pg-types": {
			"version": "1.12.1",
			"resolved": "https://registry.npmjs.org/pg-types/-/pg-types-1.12.1.tgz",
			"integrity": "sha1-1kCH45A7WP+q0nnnWVxSIIoUw9I=",
			"requires": {
				"postgres-array": "1.0.2",
				"postgres-bytea": "1.0.0",
				"postgres-date": "1.0.3",
				"postgres-interval": "1.1.2"
			}
		},
		"pgpass": {
			"version": "1.0.2",
			"resolved": "https://registry.npmjs.org/pgpass/-/pgpass-1.0.2.tgz",
			"integrity": "sha1-Knu0G2BltnkH6R2hsHwYR8h3swY=",
			"requires": {
				"split": "1.0.1"
			}
		},
		"postgres-array": {
			"version": "1.0.2",
			"resolved": "https://registry.npmjs.org/postgres-array/-/postgres-array-1.0.2.tgz",
			"integrity": "sha1-jgsy6wO/d6XAp4UeBEHBaaJWojg="
		},
		"postgres-bytea": {
			"version": "1.0.0",
			"resolved": "https://registry.npmjs.org/postgres-bytea/-/postgres-bytea-1.0.0.tgz",
			"integrity": "sha1-AntTPAqokOJtFy1Hz5zOzFIazTU="
		},
		"postgres-date": {
			"version": "1.0.3",
			"resolved": "https://registry.npmjs.org/postgres-date/-/postgres-date-1.0.3.tgz",
			"integrity": "sha1-4tiXAu/bJY/52c7g/pG9BpdSV6g="
		},
		"postgres-interval": {
			"version": "1.1.2",
			"resolved": "https://registry.npmjs.org/postgres-interval/-/postgres-interval-1.1.2.tgz",
			"integrity": "sha1-v3H/kCY18hyyQaAT/EIdgdHbFak=",
			"requires": {
				"xtend": "4.0.1"
			}
		},
		"process-nextick-args": {
			"version": "2.0.0",
			"resolved": "https://registry.npmjs.org/process-nextick-args/-/process-nextick-args-2.0.0.tgz",
			"integrity": "sha1-o31zL0JxtKsa0HDTVQjoKQeI/6o="
		},
		"punycode": {
			"version": "1.3.2",
			"resolved": "https://registry.npmjs.org/punycode/-/punycode-1.3.2.tgz",
			"integrity": "sha1-llOgNvt8HuQjQvIyXM7v6jkmxI0="
		},
		"qs": {
			"version": "6.5.2",
			"resolved": "https://registry.npmjs.org/qs/-/qs-6.5.2.tgz",
			"integrity": "sha1-yzroBuh0BERYTvFUzo7pjUA/PjY="
		},
		"querystring": {
			"version": "0.2.0",
			"resolved": "https://registry.npmjs.org/querystring/-/querystring-0.2.0.tgz",
			"integrity": "sha1-sgmEkgO7Jd+CDadW50cAWHhSFiA="
		},
		"readable-stream": {
			"version": "2.3.6",
			"resolved": "https://registry.npmjs.org/readable-stream/-/readable-stream-2.3.6.tgz",
			"integrity": "sha1-sRwn2IuP8fvgcGQ8+UsMea4bCq8=",
			"requires": {
				"core-util-is": "1.0.2",
				"inherits": "2.0.3",
				"isarray": "1.0.0",
				"process-nextick-args": "2.0.0",
				"safe-buffer": "5.1.2",
				"string_decoder": "1.1.1",
				"util-deprecate": "1.0.2"
			}
		},
		"regenerator-runtime": {
			"version": "0.10.5",
			"resolved": "https://registry.npmjs.org/regenerator-runtime/-/regenerator-runtime-0.10.5.tgz",
			"integrity": "sha1-M2w+/BIgrc7dosn6tntaeVWjNlg="
		},
		"rimraf": {
			"version": "2.4.5",
			"resolved": "https://registry.npmjs.org/rimraf/-/rimraf-2.4.5.tgz",
			"integrity": "sha1-7nEM5dk6j9uFb7Xqj/Di11k0sto=",
			"optional": true,
			"requires": {
				"glob": "6.0.4"
			}
		},
		"safe-buffer": {
			"version": "5.1.2",
			"resolved": "https://registry.npmjs.org/safe-buffer/-/safe-buffer-5.1.2.tgz",
			"integrity": "sha1-mR7GnSluAxN0fVm9/St0XDX4go0="
		},
		"safe-json-stringify": {
			"version": "1.2.0",
			"resolved": "https://registry.npmjs.org/safe-json-stringify/-/safe-json-stringify-1.2.0.tgz",
			"integrity": "sha512-gH8eh2nZudPQO6TytOvbxnuhYBOvDBBLW52tz5q6X58lJcd/tkmqFR+5Z9adS8aJtURSXWThWy/xJtJwixErvg==",
			"optional": true
		},
		"semver": {
			"version": "4.3.2",
			"resolved": "https://registry.npmjs.org/semver/-/semver-4.3.2.tgz",
			"integrity": "sha1-x6BxWKgL7dBSNVt3DYLWZA+AO+c="
		},
		"split": {
			"version": "1.0.1",
			"resolved": "https://registry.npmjs.org/split/-/split-1.0.1.tgz",
			"integrity": "sha1-YFvZvjA6pZ+zX5Ip++oN3snqB9k=",
			"requires": {
				"through": "2.3.8"
			}
		},
		"string_decoder": {
			"version": "1.1.1",
			"resolved": "https://registry.npmjs.org/string_decoder/-/string_decoder-1.1.1.tgz",
			"integrity": "sha1-nPFhG6YmhdcDCunkujQUnDrwP8g=",
			"requires": {
				"safe-buffer": "5.1.2"
			}
		},
		"superagent": {
			"version": "3.8.3",
			"resolved": "https://registry.npmjs.org/superagent/-/superagent-3.8.3.tgz",
			"integrity": "sha1-Rg6g29t9WxG8T3jeulZfhqF44Sg=",
			"requires": {
				"component-emitter": "1.2.1",
				"cookiejar": "2.1.2",
				"debug": "3.1.0",
				"extend": "3.0.1",
				"form-data": "2.3.2",
				"formidable": "1.2.1",
				"methods": "1.1.2",
				"mime": "1.6.0",
				"qs": "6.5.2",
				"readable-stream": "2.3.6"
			}
		},
		"through": {
			"version": "2.3.8",
			"resolved": "https://registry.npmjs.org/through/-/through-2.3.8.tgz",
			"integrity": "sha1-DdTJ/6q8NXlgsbckEV1+Doai4fU="
		},
		"typedarray-to-buffer": {
			"version": "3.1.5",
			"resolved": "https://registry.npmjs.org/typedarray-to-buffer/-/typedarray-to-buffer-3.1.5.tgz",
			"integrity": "sha1-qX7nqf9CaRufeD/xvFES/j/KkIA=",
			"requires": {
				"is-typedarray": "1.0.0"
			}
		},
		"url": {
			"version": "0.11.0",
			"resolved": "https://registry.npmjs.org/url/-/url-0.11.0.tgz",
			"integrity": "sha1-ODjpfPxgUh63PFJajlW/3Z4uKPE=",
			"requires": {
				"punycode": "1.3.2",
				"querystring": "0.2.0"
			}
		},
		"util-deprecate": {
			"version": "1.0.2",
			"resolved": "https://registry.npmjs.org/util-deprecate/-/util-deprecate-1.0.2.tgz",
			"integrity": "sha1-RQ1Nyfpw3nMnYvvS1KKJgUGaDM8="
		},
		"uuid": {
			"version": "2.0.3",
			"resolved": "https://registry.npmjs.org/uuid/-/uuid-2.0.3.tgz",
			"integrity": "sha1-Z+LoY3lyFVMN/zGOW/nc6/1Hsho="
		},
		"w3c-blob": {
			"version": "0.0.1",
			"resolved": "https://registry.npmjs.org/w3c-blob/-/w3c-blob-0.0.1.tgz",
			"integrity": "sha1-sM01KhpQ9RVWNCD/1YYflQ8dhbg="
		},
		"websocket": {
			"version": "1.0.26",
			"resolved": "https://registry.npmjs.org/websocket/-/websocket-1.0.26.tgz",
			"integrity": "sha1-oDoBKZhJw1JoyDBEqpGcY3S+gZQ=",
			"requires": {
				"debug": "2.6.9",
				"nan": "2.10.0",
				"typedarray-to-buffer": "3.1.5",
				"yaeti": "0.0.6"
			},
			"dependencies": {
				"debug": {
					"version": "2.6.9",
					"resolved": "https://registry.npmjs.org/debug/-/debug-2.6.9.tgz",
					"integrity": "sha512-bC7ElrdJaJnPbAP+1EotYvqZsb3ecl5wi6Bfi6BJTUcNowp6cvspg0jXznRTKDjm/E7AdgFBVeAPVMNcKGsHMA==",
					"requires": {
						"ms": "2.0.0"
					}
				}
			}
		},
		"wrappy": {
			"version": "1.0.2",
			"resolved": "https://registry.npmjs.org/wrappy/-/wrappy-1.0.2.tgz",
			"integrity": "sha1-tSQ9jz7BqjXxNkYFvA0QNuMKtp8="
		},
		"xtend": {
			"version": "4.0.1",
			"resolved": "https://registry.npmjs.org/xtend/-/xtend-4.0.1.tgz",
			"integrity": "sha1-pcbVMr5lbiPbgg77lDofBJmNY68="
		},
		"yaeti": {
			"version": "0.0.6",
			"resolved": "https://registry.npmjs.org/yaeti/-/yaeti-0.0.6.tgz",
			"integrity": "sha1-8m9ITXJoTPQr7ft2lwqhYI+/lXc="
		}
	}
}
