{
  "name": "skygear-forgot-password",
  "version": "1.6.0",
  "lockfileVersion": 1,
  "requires": true,
  "dependencies": {
    "skygear-core": {
      "version": "1.6.0",
      "requires": {
        "Base64": "^0.3.0",
        "amazon-s3-url-signer": "^0.1.0",
        "babel-polyfill": "^6.13.0",
        "bunyan": "^1.8.12",
        "cookie-storage": "^1.0.4",
        "dotenv": "^4.0.0",
        "event-emitter": "^0.3.4",
        "formidable": "^1.0.17",
        "localstorage-memory": "^1.0.2",
        "lodash": "^4.17.11",
        "md5": "^2.0.0",
        "mime-types": "^2.1.12",
        "ncp": "^2.0.0",
        "pg": "^7.4.3",
        "superagent": "^3.7.0",
        "url": "^0.11.0",
        "util-deprecate": "^1.0.2",
        "uuid": "^2.0.1",
        "w3c-blob": "0.0.1",
        "websocket": "^1.0.23"
      },
      "dependencies": {
        "Base64": {
          "version": "0.3.0",
          "bundled": true
        },
        "amazon-s3-url-signer": {
          "version": "0.1.0",
          "bundled": true
        },
        "asynckit": {
          "version": "0.4.0",
          "bundled": true
        },
        "babel-polyfill": {
          "version": "6.26.0",
          "bundled": true,
          "requires": {
            "babel-runtime": "^6.26.0",
            "core-js": "^2.5.0",
            "regenerator-runtime": "^0.10.5"
          }
        },
        "babel-runtime": {
          "version": "6.26.0",
          "bundled": true,
          "requires": {
            "core-js": "^2.4.0",
            "regenerator-runtime": "^0.11.0"
          },
          "dependencies": {
            "regenerator-runtime": {
              "version": "0.11.1",
              "bundled": true
            }
          }
        },
        "balanced-match": {
          "version": "1.0.0",
          "bundled": true,
          "optional": true
        },
        "brace-expansion": {
          "version": "1.1.11",
          "bundled": true,
          "optional": true,
          "requires": {
            "balanced-match": "^1.0.0",
            "concat-map": "0.0.1"
          }
        },
        "buffer-writer": {
          "version": "1.0.1",
          "bundled": true
        },
        "bunyan": {
          "version": "1.8.12",
          "bundled": true,
          "requires": {
            "dtrace-provider": "~0.8",
            "moment": "^2.10.6",
            "mv": "~2",
            "safe-json-stringify": "~1"
          }
        },
        "charenc": {
          "version": "0.0.2",
          "bundled": true
        },
        "combined-stream": {
          "version": "1.0.6",
          "bundled": true,
          "requires": {
            "delayed-stream": "~1.0.0"
          }
        },
        "component-emitter": {
          "version": "1.2.1",
          "bundled": true
        },
        "concat-map": {
          "version": "0.0.1",
          "bundled": true,
          "optional": true
        },
        "cookie-storage": {
          "version": "1.0.4",
          "bundled": true
        },
        "cookiejar": {
          "version": "2.1.2",
          "bundled": true
        },
        "core-js": {
          "version": "2.5.7",
          "bundled": true
        },
        "core-util-is": {
          "version": "1.0.2",
          "bundled": true
        },
        "crypt": {
          "version": "0.0.2",
          "bundled": true
        },
        "d": {
          "version": "1.0.0",
          "bundled": true,
          "requires": {
            "es5-ext": "^0.10.9"
          }
        },
        "debug": {
          "version": "3.1.0",
          "bundled": true,
          "requires": {
            "ms": "2.0.0"
          }
        },
        "delayed-stream": {
          "version": "1.0.0",
          "bundled": true
        },
        "dotenv": {
          "version": "4.0.0",
          "bundled": true
        },
        "dtrace-provider": {
          "version": "0.8.7",
          "bundled": true,
          "optional": true,
          "requires": {
            "nan": "^2.10.0"
          }
        },
        "es5-ext": {
          "version": "0.10.45",
          "bundled": true,
          "requires": {
            "es6-iterator": "~2.0.3",
            "es6-symbol": "~3.1.1",
            "next-tick": "1"
          }
        },
        "es6-iterator": {
          "version": "2.0.3",
          "bundled": true,
          "requires": {
            "d": "1",
            "es5-ext": "^0.10.35",
            "es6-symbol": "^3.1.1"
          }
        },
        "es6-symbol": {
          "version": "3.1.1",
          "bundled": true,
          "requires": {
            "d": "1",
            "es5-ext": "~0.10.14"
          }
        },
        "event-emitter": {
          "version": "0.3.5",
          "bundled": true,
          "requires": {
            "d": "1",
            "es5-ext": "~0.10.14"
          }
        },
        "extend": {
          "version": "3.0.1",
          "bundled": true
        },
        "fast-xml-parser": {
          "version": "3.12.5",
          "bundled": true,
          "requires": {
            "nimnjs": "^1.3.2"
          }
        },
        "form-data": {
          "version": "2.3.2",
          "bundled": true,
          "requires": {
            "asynckit": "^0.4.0",
            "combined-stream": "1.0.6",
            "mime-types": "^2.1.12"
          }
        },
        "formidable": {
          "version": "1.2.1",
          "bundled": true
        },
        "glob": {
          "version": "6.0.4",
          "bundled": true,
          "optional": true,
          "requires": {
            "inflight": "^1.0.4",
            "inherits": "2",
            "minimatch": "2 || 3",
            "once": "^1.3.0",
            "path-is-absolute": "^1.0.0"
          }
        },
        "inflight": {
          "version": "1.0.6",
          "bundled": true,
          "optional": true,
          "requires": {
            "once": "^1.3.0",
            "wrappy": "1"
          }
        },
        "inherits": {
          "version": "2.0.3",
          "bundled": true
        },
        "is-buffer": {
          "version": "1.1.6",
          "bundled": true
        },
        "is-typedarray": {
          "version": "1.0.0",
          "bundled": true
        },
        "isarray": {
          "version": "1.0.0",
          "bundled": true
        },
        "localstorage-memory": {
          "version": "1.0.2",
          "bundled": true
        },
        "lodash": {
          "version": "4.17.11",
          "bundled": true
        },
        "md5": {
          "version": "2.2.1",
          "bundled": true,
          "requires": {
            "charenc": "~0.0.1",
            "crypt": "~0.0.1",
            "is-buffer": "~1.1.1"
          }
        },
        "methods": {
          "version": "1.1.2",
          "bundled": true
        },
        "mime": {
          "version": "1.6.0",
          "bundled": true
        },
        "mime-db": {
          "version": "1.33.0",
          "bundled": true
        },
        "mime-types": {
          "version": "2.1.18",
          "bundled": true,
          "requires": {
            "mime-db": "~1.33.0"
          }
        },
        "minimatch": {
          "version": "3.0.4",
          "bundled": true,
          "optional": true,
          "requires": {
            "brace-expansion": "^1.1.7"
          }
        },
        "minimist": {
          "version": "0.0.8",
          "bundled": true,
          "optional": true
        },
        "mkdirp": {
          "version": "0.5.1",
          "bundled": true,
          "optional": true,
          "requires": {
            "minimist": "0.0.8"
          }
        },
        "moment": {
          "version": "2.22.2",
          "bundled": true,
          "optional": true
        },
        "ms": {
          "version": "2.0.0",
          "bundled": true
        },
        "mv": {
          "version": "2.1.1",
          "bundled": true,
          "optional": true,
          "requires": {
            "mkdirp": "~0.5.1",
            "ncp": "~2.0.0",
            "rimraf": "~2.4.0"
          }
        },
        "nan": {
          "version": "2.10.0",
          "bundled": true
        },
        "ncp": {
          "version": "2.0.0",
          "bundled": true
        },
        "next-tick": {
          "version": "1.0.0",
          "bundled": true
        },
        "nimn-date-parser": {
          "version": "1.0.0",
          "bundled": true
        },
        "nimn_schema_builder": {
          "version": "1.1.0",
          "bundled": true
        },
        "nimnjs": {
          "version": "1.3.2",
          "bundled": true,
          "requires": {
            "nimn-date-parser": "^1.0.0",
            "nimn_schema_builder": "^1.0.0"
          }
        },
        "once": {
          "version": "1.4.0",
          "bundled": true,
          "requires": {
            "wrappy": "1"
          }
        },
        "packet-reader": {
          "version": "0.3.1",
          "bundled": true
        },
        "path-is-absolute": {
          "version": "1.0.1",
          "bundled": true,
          "optional": true
        },
        "pg": {
          "version": "7.4.3",
          "bundled": true,
          "requires": {
            "buffer-writer": "1.0.1",
            "packet-reader": "0.3.1",
            "pg-connection-string": "0.1.3",
            "pg-pool": "~2.0.3",
            "pg-types": "~1.12.1",
            "pgpass": "1.x",
            "semver": "4.3.2"
          }
        },
        "pg-connection-string": {
          "version": "0.1.3",
          "bundled": true
        },
        "pg-pool": {
          "version": "2.0.3",
          "bundled": true
        },
        "pg-types": {
          "version": "1.12.1",
          "bundled": true,
          "requires": {
            "postgres-array": "~1.0.0",
            "postgres-bytea": "~1.0.0",
            "postgres-date": "~1.0.0",
            "postgres-interval": "^1.1.0"
          }
        },
        "pgpass": {
          "version": "1.0.2",
          "bundled": true,
          "requires": {
            "split": "^1.0.0"
          }
        },
        "postgres-array": {
          "version": "1.0.2",
          "bundled": true
        },
        "postgres-bytea": {
          "version": "1.0.0",
          "bundled": true
        },
        "postgres-date": {
          "version": "1.0.3",
          "bundled": true
        },
        "postgres-interval": {
          "version": "1.1.2",
          "bundled": true,
          "requires": {
            "xtend": "^4.0.0"
          }
        },
        "process-nextick-args": {
          "version": "2.0.0",
          "bundled": true
        },
        "punycode": {
          "version": "1.3.2",
          "bundled": true
        },
        "qs": {
          "version": "6.5.2",
          "bundled": true
        },
        "querystring": {
          "version": "0.2.0",
          "bundled": true
        },
        "readable-stream": {
          "version": "2.3.6",
          "bundled": true,
          "requires": {
            "core-util-is": "~1.0.0",
            "inherits": "~2.0.3",
            "isarray": "~1.0.0",
            "process-nextick-args": "~2.0.0",
            "safe-buffer": "~5.1.1",
            "string_decoder": "~1.1.1",
            "util-deprecate": "~1.0.1"
          }
        },
        "regenerator-runtime": {
          "version": "0.10.5",
          "bundled": true
        },
        "rimraf": {
          "version": "2.4.5",
          "bundled": true,
          "optional": true,
          "requires": {
            "glob": "^6.0.1"
          }
        },
        "safe-buffer": {
          "version": "5.1.2",
          "bundled": true
        },
        "safe-json-stringify": {
          "version": "1.2.0",
          "bundled": true,
          "optional": true
        },
        "sax": {
          "version": "1.2.4",
          "bundled": true
        },
        "semver": {
          "version": "4.3.2",
          "bundled": true
        },
        "split": {
          "version": "1.0.1",
          "bundled": true,
          "requires": {
            "through": "2"
          }
        },
        "string_decoder": {
          "version": "1.1.1",
          "bundled": true,
          "requires": {
            "safe-buffer": "~5.1.0"
          }
        },
        "superagent": {
          "version": "3.8.3",
          "bundled": true,
          "requires": {
            "component-emitter": "^1.2.0",
            "cookiejar": "^2.1.0",
            "debug": "^3.1.0",
            "extend": "^3.0.0",
            "form-data": "^2.3.1",
            "formidable": "^1.2.0",
            "methods": "^1.1.1",
            "mime": "^1.4.1",
            "qs": "^6.5.1",
            "readable-stream": "^2.3.5"
          }
        },
        "through": {
          "version": "2.3.8",
          "bundled": true
        },
        "typedarray-to-buffer": {
          "version": "3.1.5",
          "bundled": true,
          "requires": {
            "is-typedarray": "^1.0.0"
          }
        },
        "url": {
          "version": "0.11.0",
          "bundled": true,
          "requires": {
            "punycode": "1.3.2",
            "querystring": "0.2.0"
          }
        },
        "util-deprecate": {
          "version": "1.0.2",
          "bundled": true
        },
        "uuid": {
          "version": "2.0.3",
          "bundled": true
        },
        "w3c-blob": {
          "version": "0.0.1",
          "bundled": true
        },
        "websocket": {
          "version": "1.0.26",
          "bundled": true,
          "requires": {
            "debug": "^2.2.0",
            "nan": "^2.3.3",
            "typedarray-to-buffer": "^3.1.2",
            "yaeti": "^0.0.6"
          },
          "dependencies": {
            "debug": {
              "version": "2.6.9",
              "bundled": true,
              "requires": {
                "ms": "2.0.0"
              }
            }
          }
        },
        "wrappy": {
          "version": "1.0.2",
          "bundled": true
        },
        "xml2js": {
          "version": "0.4.19",
          "bundled": true,
          "requires": {
            "sax": "1.2.4",
            "xmlbuilder": "9.0.7"
          }
        },
        "xmlbuilder": {
          "version": "9.0.7",
          "bundled": true
        },
        "xtend": {
          "version": "4.0.1",
          "bundled": true
        },
        "yaeti": {
          "version": "0.0.6",
          "bundled": true
        }
      }
    }
  }
}
